PODS:
  - core (1.0)
  - WifiEapConfigurator (1.0)

DEPENDENCIES:
  - core (from `../../shared/core`)
  - WifiEapConfigurator (from `../WifiEapConfigurator`)

EXTERNAL SOURCES:
  core:
    :path: "../../shared/core"
  WifiEapConfigurator:
    :path: "../WifiEapConfigurator"

SPEC CHECKSUMS:
  core: b7d37785058f3483e1ffb4dfc3e0245aa1bfb949
  WifiEapConfigurator: 724f43ebaeac5b8a59428153e0421cb1a9efd20a

PODFILE CHECKSUM: 42d5e8890f61a79f624168717ae88a96af56ca56

COCOAPODS: 1.11.3
