PODS:
  - core (1.0)
  - WifiEapConfigurator (1.0)

DEPENDENCIES:
  - core (from `../../shared/core`)
  - WifiEapConfigurator (from `../WifiEapConfigurator`)

EXTERNAL SOURCES:
  core:
    :path: "../../shared/core"
  WifiEapConfigurator:
    :path: "../WifiEapConfigurator"

SPEC CHECKSUMS:
  core: 4c338eea65c5156a5794910f40acf7001f6bedcc
  WifiEapConfigurator: 724f43ebaeac5b8a59428153e0421cb1a9efd20a

PODFILE CHECKSUM: c8d6910c9fe3be5aacc62eb0114bcb9a0bb6849b

COCOAPODS: 1.11.3
